
Microsoft Visual Studio Solution File, Format Version 12.00
# Visual Studio 14
VisualStudioVersion = 14.0.25420.1
MinimumVisualStudioVersion = 10.0.40219.1
Project("{2150E333-8FDC-42A3-9474-1A3956D46DE8}") = "Business", "Business", "{3D4D478A-CFBB-44AF-B3CF-A79D1AFFEEA5}"
EndProject
Project("{2150E333-8FDC-42A3-9474-1A3956D46DE8}") = "Data", "Data", "{82A53A73-1A3F-4D6B-A9C8-246945D413C3}"
EndProject
Project("{2150E333-8FDC-42A3-9474-1A3956D46DE8}") = "Cache", "Cache", "{A02CCF8F-47E3-4489-A5B1-4C5B0E98A38E}"
EndProject
Project("{2150E333-8FDC-42A3-9474-1A3956D46DE8}") = "Web", "Web", "{8D09AEC2-206D-4AFB-9DA6-612645F005A1}"
EndProject
Project("{2150E333-8FDC-42A3-9474-1A3956D46DE8}") = "Utility", "Utility", "{153DB176-87B3-4DDE-BC48-527BCFC7A843}"
EndProject
Project("{FAE04EC0-301F-11D3-BF4B-00C04F79EFBC}") = "RoadFlow.Cache.Factory", "RoadFlow.Cache.Factory\RoadFlow.Cache.Factory.csproj", "{D61B53EF-ABC2-490F-A726-41E84616AE19}"
EndProject
Project("{FAE04EC0-301F-11D3-BF4B-00C04F79EFBC}") = "RoadFlow.Cache.InProc", "RoadFlow.Cache.InProc\RoadFlow.Cache.InProc.csproj", "{256AAD05-BD3D-4F82-9C9D-EAA98915FD92}"
EndProject
Project("{FAE04EC0-301F-11D3-BF4B-00C04F79EFBC}") = "RoadFlow.Cache.Interface", "RoadFlow.Cache.Interface\RoadFlow.Cache.Interface.csproj", "{C2C3BFDB-BED3-4209-ACC4-432B5F36CA33}"
EndProject
Project("{FAE04EC0-301F-11D3-BF4B-00C04F79EFBC}") = "RoadFlow.Cache.IO", "RoadFlow.Cache.IO\RoadFlow.Cache.IO.csproj", "{D9D8EC0B-3025-4BD8-BDA1-78C961DB665C}"
EndProject
Project("{FAE04EC0-301F-11D3-BF4B-00C04F79EFBC}") = "RoadFlow.Data.Factory", "RoadFlow.Data.Factory\RoadFlow.Data.Factory.csproj", "{5F0593BA-8C65-4050-A96A-BD56F5580744}"
EndProject
Project("{FAE04EC0-301F-11D3-BF4B-00C04F79EFBC}") = "RoadFlow.Data.Interface", "RoadFlow.Data.Interface\RoadFlow.Data.Interface.csproj", "{8CD36CE0-E9D5-41BD-9017-D604C688ECC0}"
EndProject
Project("{FAE04EC0-301F-11D3-BF4B-00C04F79EFBC}") = "RoadFlow.Data.Model", "RoadFlow.Data.Model\RoadFlow.Data.Model.csproj", "{11FCCAA5-8516-451B-9482-5D92FD90539D}"
EndProject
Project("{FAE04EC0-301F-11D3-BF4B-00C04F79EFBC}") = "RoadFlow.Data.MSSQL", "RoadFlow.Data.MSSQL\RoadFlow.Data.MSSQL.csproj", "{EDDCC441-AA7F-4697-852A-DDD8BB6F0174}"
EndProject
Project("{FAE04EC0-301F-11D3-BF4B-00C04F79EFBC}") = "RoadFlow.Data.MySql", "RoadFlow.Data.MySql\RoadFlow.Data.MySql.csproj", "{DFC0E21A-3805-440F-8324-06CFC0794226}"
EndProject
Project("{FAE04EC0-301F-11D3-BF4B-00C04F79EFBC}") = "RoadFlow.Data.ORACLE", "RoadFlow.Data.ORACLE\RoadFlow.Data.ORACLE.csproj", "{E50CA535-4B36-4FEE-B047-EF9AC7C92DAD}"
EndProject
Project("{FAE04EC0-301F-11D3-BF4B-00C04F79EFBC}") = "RoadFlow.Platform", "RoadFlow.Platform\RoadFlow.Platform.csproj", "{28F800FC-F6F9-4879-A345-1DF10C5D5780}"
EndProject
Project("{FAE04EC0-301F-11D3-BF4B-00C04F79EFBC}") = "LitJSON", "LitJSON\LitJSON.csproj", "{28A16399-C7A6-4A93-B914-8CA7B8BAA4C3}"
EndProject
Project("{FAE04EC0-301F-11D3-BF4B-00C04F79EFBC}") = "RoadFlow.Utility", "RoadFlow.Utility\RoadFlow.Utility.csproj", "{B5CB344E-6AEB-43F0-ABC5-DD76B584A566}"
EndProject
Project("{FAE04EC0-301F-11D3-BF4B-00C04F79EFBC}") = "WebMvc", "WebMvc\WebMvc.csproj", "{99914E22-2E64-4B1C-A94A-35F49C895301}"
EndProject
Global
	GlobalSection(SolutionConfigurationPlatforms) = preSolution
		Debug|Any CPU = Debug|Any CPU
		Release|Any CPU = Release|Any CPU
	EndGlobalSection
	GlobalSection(ProjectConfigurationPlatforms) = postSolution
		{D61B53EF-ABC2-490F-A726-41E84616AE19}.Debug|Any CPU.ActiveCfg = Debug|Any CPU
		{D61B53EF-ABC2-490F-A726-41E84616AE19}.Debug|Any CPU.Build.0 = Debug|Any CPU
		{D61B53EF-ABC2-490F-A726-41E84616AE19}.Release|Any CPU.ActiveCfg = Release|Any CPU
		{D61B53EF-ABC2-490F-A726-41E84616AE19}.Release|Any CPU.Build.0 = Release|Any CPU
		{256AAD05-BD3D-4F82-9C9D-EAA98915FD92}.Debug|Any CPU.ActiveCfg = Debug|Any CPU
		{256AAD05-BD3D-4F82-9C9D-EAA98915FD92}.Debug|Any CPU.Build.0 = Debug|Any CPU
		{256AAD05-BD3D-4F82-9C9D-EAA98915FD92}.Release|Any CPU.ActiveCfg = Release|Any CPU
		{256AAD05-BD3D-4F82-9C9D-EAA98915FD92}.Release|Any CPU.Build.0 = Release|Any CPU
		{C2C3BFDB-BED3-4209-ACC4-432B5F36CA33}.Debug|Any CPU.ActiveCfg = Debug|Any CPU
		{C2C3BFDB-BED3-4209-ACC4-432B5F36CA33}.Debug|Any CPU.Build.0 = Debug|Any CPU
		{C2C3BFDB-BED3-4209-ACC4-432B5F36CA33}.Release|Any CPU.ActiveCfg = Release|Any CPU
		{C2C3BFDB-BED3-4209-ACC4-432B5F36CA33}.Release|Any CPU.Build.0 = Release|Any CPU
		{D9D8EC0B-3025-4BD8-BDA1-78C961DB665C}.Debug|Any CPU.ActiveCfg = Debug|Any CPU
		{D9D8EC0B-3025-4BD8-BDA1-78C961DB665C}.Debug|Any CPU.Build.0 = Debug|Any CPU
		{D9D8EC0B-3025-4BD8-BDA1-78C961DB665C}.Release|Any CPU.ActiveCfg = Release|Any CPU
		{D9D8EC0B-3025-4BD8-BDA1-78C961DB665C}.Release|Any CPU.Build.0 = Release|Any CPU
		{5F0593BA-8C65-4050-A96A-BD56F5580744}.Debug|Any CPU.ActiveCfg = Debug|Any CPU
		{5F0593BA-8C65-4050-A96A-BD56F5580744}.Debug|Any CPU.Build.0 = Debug|Any CPU
		{5F0593BA-8C65-4050-A96A-BD56F5580744}.Release|Any CPU.ActiveCfg = Release|Any CPU
		{5F0593BA-8C65-4050-A96A-BD56F5580744}.Release|Any CPU.Build.0 = Release|Any CPU
		{8CD36CE0-E9D5-41BD-9017-D604C688ECC0}.Debug|Any CPU.ActiveCfg = Debug|Any CPU
		{8CD36CE0-E9D5-41BD-9017-D604C688ECC0}.Debug|Any CPU.Build.0 = Debug|Any CPU
		{8CD36CE0-E9D5-41BD-9017-D604C688ECC0}.Release|Any CPU.ActiveCfg = Release|Any CPU
		{8CD36CE0-E9D5-41BD-9017-D604C688ECC0}.Release|Any CPU.Build.0 = Release|Any CPU
		{11FCCAA5-8516-451B-9482-5D92FD90539D}.Debug|Any CPU.ActiveCfg = Debug|Any CPU
		{11FCCAA5-8516-451B-9482-5D92FD90539D}.Debug|Any CPU.Build.0 = Debug|Any CPU
		{11FCCAA5-8516-451B-9482-5D92FD90539D}.Release|Any CPU.ActiveCfg = Release|Any CPU
		{11FCCAA5-8516-451B-9482-5D92FD90539D}.Release|Any CPU.Build.0 = Release|Any CPU
		{EDDCC441-AA7F-4697-852A-DDD8BB6F0174}.Debug|Any CPU.ActiveCfg = Debug|Any CPU
		{EDDCC441-AA7F-4697-852A-DDD8BB6F0174}.Debug|Any CPU.Build.0 = Debug|Any CPU
		{EDDCC441-AA7F-4697-852A-DDD8BB6F0174}.Release|Any CPU.ActiveCfg = Release|Any CPU
		{EDDCC441-AA7F-4697-852A-DDD8BB6F0174}.Release|Any CPU.Build.0 = Release|Any CPU
		{DFC0E21A-3805-440F-8324-06CFC0794226}.Debug|Any CPU.ActiveCfg = Debug|Any CPU
		{DFC0E21A-3805-440F-8324-06CFC0794226}.Debug|Any CPU.Build.0 = Debug|Any CPU
		{DFC0E21A-3805-440F-8324-06CFC0794226}.Release|Any CPU.ActiveCfg = Release|Any CPU
		{DFC0E21A-3805-440F-8324-06CFC0794226}.Release|Any CPU.Build.0 = Release|Any CPU
		{E50CA535-4B36-4FEE-B047-EF9AC7C92DAD}.Debug|Any CPU.ActiveCfg = Debug|Any CPU
		{E50CA535-4B36-4FEE-B047-EF9AC7C92DAD}.Debug|Any CPU.Build.0 = Debug|Any CPU
		{E50CA535-4B36-4FEE-B047-EF9AC7C92DAD}.Release|Any CPU.ActiveCfg = Release|Any CPU
		{E50CA535-4B36-4FEE-B047-EF9AC7C92DAD}.Release|Any CPU.Build.0 = Release|Any CPU
		{28F800FC-F6F9-4879-A345-1DF10C5D5780}.Debug|Any CPU.ActiveCfg = Debug|Any CPU
		{28F800FC-F6F9-4879-A345-1DF10C5D5780}.Debug|Any CPU.Build.0 = Debug|Any CPU
		{28F800FC-F6F9-4879-A345-1DF10C5D5780}.Release|Any CPU.ActiveCfg = Release|Any CPU
		{28F800FC-F6F9-4879-A345-1DF10C5D5780}.Release|Any CPU.Build.0 = Release|Any CPU
		{28A16399-C7A6-4A93-B914-8CA7B8BAA4C3}.Debug|Any CPU.ActiveCfg = Debug|Any CPU
		{28A16399-C7A6-4A93-B914-8CA7B8BAA4C3}.Debug|Any CPU.Build.0 = Debug|Any CPU
		{28A16399-C7A6-4A93-B914-8CA7B8BAA4C3}.Release|Any CPU.ActiveCfg = Release|Any CPU
		{28A16399-C7A6-4A93-B914-8CA7B8BAA4C3}.Release|Any CPU.Build.0 = Release|Any CPU
		{B5CB344E-6AEB-43F0-ABC5-DD76B584A566}.Debug|Any CPU.ActiveCfg = Debug|Any CPU
		{B5CB344E-6AEB-43F0-ABC5-DD76B584A566}.Debug|Any CPU.Build.0 = Debug|Any CPU
		{B5CB344E-6AEB-43F0-ABC5-DD76B584A566}.Release|Any CPU.ActiveCfg = Release|Any CPU
		{B5CB344E-6AEB-43F0-ABC5-DD76B584A566}.Release|Any CPU.Build.0 = Release|Any CPU
		{99914E22-2E64-4B1C-A94A-35F49C895301}.Debug|Any CPU.ActiveCfg = Debug|Any CPU
		{99914E22-2E64-4B1C-A94A-35F49C895301}.Debug|Any CPU.Build.0 = Debug|Any CPU
		{99914E22-2E64-4B1C-A94A-35F49C895301}.Release|Any CPU.ActiveCfg = Release|Any CPU
		{99914E22-2E64-4B1C-A94A-35F49C895301}.Release|Any CPU.Build.0 = Release|Any CPU
	EndGlobalSection
	GlobalSection(SolutionProperties) = preSolution
		HideSolutionNode = FALSE
	EndGlobalSection
	GlobalSection(NestedProjects) = preSolution
		{D61B53EF-ABC2-490F-A726-41E84616AE19} = {A02CCF8F-47E3-4489-A5B1-4C5B0E98A38E}
		{256AAD05-BD3D-4F82-9C9D-EAA98915FD92} = {A02CCF8F-47E3-4489-A5B1-4C5B0E98A38E}
		{C2C3BFDB-BED3-4209-ACC4-432B5F36CA33} = {A02CCF8F-47E3-4489-A5B1-4C5B0E98A38E}
		{D9D8EC0B-3025-4BD8-BDA1-78C961DB665C} = {A02CCF8F-47E3-4489-A5B1-4C5B0E98A38E}
		{5F0593BA-8C65-4050-A96A-BD56F5580744} = {82A53A73-1A3F-4D6B-A9C8-246945D413C3}
		{8CD36CE0-E9D5-41BD-9017-D604C688ECC0} = {82A53A73-1A3F-4D6B-A9C8-246945D413C3}
		{11FCCAA5-8516-451B-9482-5D92FD90539D} = {82A53A73-1A3F-4D6B-A9C8-246945D413C3}
		{EDDCC441-AA7F-4697-852A-DDD8BB6F0174} = {82A53A73-1A3F-4D6B-A9C8-246945D413C3}
		{DFC0E21A-3805-440F-8324-06CFC0794226} = {82A53A73-1A3F-4D6B-A9C8-246945D413C3}
		{E50CA535-4B36-4FEE-B047-EF9AC7C92DAD} = {82A53A73-1A3F-4D6B-A9C8-246945D413C3}
		{28F800FC-F6F9-4879-A345-1DF10C5D5780} = {3D4D478A-CFBB-44AF-B3CF-A79D1AFFEEA5}
		{28A16399-C7A6-4A93-B914-8CA7B8BAA4C3} = {153DB176-87B3-4DDE-BC48-527BCFC7A843}
		{B5CB344E-6AEB-43F0-ABC5-DD76B584A566} = {153DB176-87B3-4DDE-BC48-527BCFC7A843}
		{99914E22-2E64-4B1C-A94A-35F49C895301} = {8D09AEC2-206D-4AFB-9DA6-612645F005A1}
	EndGlobalSection
EndGlobal
